lockfileVersion: 5.4

specifiers:
  '@types/blueimp-md5': ^2.18.0
  '@types/tampermonkey': ^4.0.5
  blueimp-md5: ^2.19.0
  vite-plugin-inspect: ^0.3.14
  vite-plugin-restart: ^0.1.1

dependencies:
  blueimp-md5: 2.19.0

devDependencies:
  '@types/blueimp-md5': 2.18.0
  '@types/tampermonkey': 4.0.5
  vite-plugin-inspect: 0.3.14
  vite-plugin-restart: 0.1.1

packages:

  /@polka/url/1.0.0-next.21:
    resolution: {integrity: sha512-a5Sab1C4/icpTZVzZc5Ghpz88yQtGOyNqYXcZgOssB2uuAr+wF/MvN6bgtW32q7HHrvBki+BsZ0OuNv6EV3K9g==}
    dev: true

  /@rollup/pluginutils/4.1.2:
    resolution: {integrity: sha512-ROn4qvkxP9SyPeHaf7uQC/GPFY6L/OWy9+bd9AwcjOAWQwxRscoEyAUD8qCY5o5iL4jqQwoLk2kaTKJPb/HwzQ==}
    engines: {node: '>= 8.0.0'}
    dependencies:
      estree-walker: 2.0.2
      picomatch: 2.3.1
    dev: true

  /@types/blueimp-md5/2.18.0:
    resolution: {integrity: sha512-f4A+++lGZGJvVSgeyMkqA7BEf2BVQli6F+qEykKb49c5ieWQBkfpn6CP5c1IZr2Yi2Ofl6Fj+v0e1fN18Z8Cnw==}
    dev: true

  /@types/tampermonkey/4.0.5:
    resolution: {integrity: sha512-FGPo7d+qZkDF7vyrwY1WNhcUnfDyVpt2uyL7krAu3WKCUMCfIUzOuvt8aSk8N2axHT8XPr9stAEDGVHLvag6Pw==}
    dev: true

  /blueimp-md5/2.19.0:
    resolution: {integrity: sha512-DRQrD6gJyy8FbiE4s+bDoXS9hiW3Vbx5uCdwvcCf3zLHL+Iv7LtGHLpr+GZV8rHG8tK766FGYBwRbu8pELTt+w==}
    dev: false

  /braces/3.0.2:
    resolution: {integrity: sha512-b8um+L1RzM3WDSzvhm6gIz1yfTbBt6YTlcEKAvsmqCZZFw46z626lVj9j1yEPW33H5H+lBQpZMP1k8l+78Ha0A==}
    engines: {node: '>=8'}
    dependencies:
      fill-range: 7.0.1
    dev: true

  /debug/4.3.3:
    resolution: {integrity: sha512-/zxw5+vh1Tfv+4Qn7a5nsbcJKPaSvCDhojn6FEl9vupwK2VCSDtEiEtqr8DFtzYFOdz63LBkxec7DYuc2jon6Q==}
    engines: {node: '>=6.0'}
    peerDependencies:
      supports-color: '*'
    peerDependenciesMeta:
      supports-color:
        optional: true
    dependencies:
      ms: 2.1.2
    dev: true

  /estree-walker/2.0.2:
    resolution: {integrity: sha512-Rfkk/Mp/DL7JVje3u18FxFujQlTNR2q6QfMSMB7AvCBx91NGj/ba3kCfza0f6dVDbw7YlRf/nDrn7pQrCCyQ/w==}
    dev: true

  /fill-range/7.0.1:
    resolution: {integrity: sha512-qOo9F+dMUmC2Lcb4BbVvnKJxTPjCm+RRpe4gDuGrzkL7mEVl/djYSu2OdQ2Pa302N4oqkSg9ir6jaLWJ2USVpQ==}
    engines: {node: '>=8'}
    dependencies:
      to-regex-range: 5.0.1
    dev: true

  /is-number/7.0.0:
    resolution: {integrity: sha512-41Cifkg6e8TylSpdtTpeLVMqvSBEVzTttHvERD741+pnZ8ANv0004MRL43QKPDlK9cGvNp6NZWZUBlbGXYxxng==}
    engines: {node: '>=0.12.0'}
    dev: true

  /kolorist/1.5.1:
    resolution: {integrity: sha512-lxpCM3HTvquGxKGzHeknB/sUjuVoUElLlfYnXZT73K8geR9jQbroGlSCFBax9/0mpGoD3kzcMLnOlGQPJJNyqQ==}
    dev: true

  /micromatch/4.0.4:
    resolution: {integrity: sha512-pRmzw/XUcwXGpD9aI9q/0XOwLNygjETJ8y0ao0wdqprrzDa4YnxLcz7fQRZr8voh8V10kGhABbNcHVk5wHgWwg==}
    engines: {node: '>=8.6'}
    dependencies:
      braces: 3.0.2
      picomatch: 2.3.1
    dev: true

  /mrmime/1.0.0:
    resolution: {integrity: sha512-a70zx7zFfVO7XpnQ2IX1Myh9yY4UYvfld/dikWRnsXxbyvMcfz+u6UfgNAtH+k2QqtJuzVpv6eLTx1G2+WKZbQ==}
    engines: {node: '>=10'}
    dev: true

  /ms/2.1.2:
    resolution: {integrity: sha1-0J0fNXtEP0kzgqjrPM0YOHKuYAk=, tarball: ms/download/ms-2.1.2.tgz}
    dev: true

  /picomatch/2.3.1:
    resolution: {integrity: sha512-JU3teHTNjmE2VCGFzuY8EXzCDVwEqB2a8fsIvwaStHhAWJEeVd1o1QD80CU6+ZdEXXSLbSsuLwJjkCBWqRQUVA==}
    engines: {node: '>=8.6'}
    dev: true

  /sirv/2.0.2:
    resolution: {integrity: sha512-4Qog6aE29nIjAOKe/wowFTxOdmbEZKb+3tsLljaBRzJwtqto0BChD2zzH0LhgCSXiI+V7X+Y45v14wBZQ1TK3w==}
    engines: {node: '>= 10'}
    dependencies:
      '@polka/url': 1.0.0-next.21
      mrmime: 1.0.0
      totalist: 3.0.0
    dev: true

  /to-regex-range/5.0.1:
    resolution: {integrity: sha512-65P7iz6X5yEr1cwcgvQxbbIw7Uk3gOy5dIdtZ4rDveLqhrdJP+Li/Hx6tyK0NEb+2GCyneCMJiGqrADCSNk8sQ==}
    engines: {node: '>=8.0'}
    dependencies:
      is-number: 7.0.0
    dev: true

  /totalist/3.0.0:
    resolution: {integrity: sha512-eM+pCBxXO/njtF7vdFsHuqb+ElbxqtI4r5EAvk6grfAFyJ6IvWlSkfZ5T9ozC6xWw3Fj1fGoSmrl0gUs46JVIw==}
    engines: {node: '>=6'}
    dev: true

  /ufo/0.7.10:
    resolution: {integrity: sha512-YTnDRlE1cIofRqOFN8ioAbz9qenDvkgVMSn0cnxvIDjM9sfEOMKB0ybMr+otSlCXMfQ/X35haYRoI7Nua82RrA==}
    dev: true

  /vite-plugin-inspect/0.3.14:
    resolution: {integrity: sha512-oRjltmm1nUgkHmlGLgfSAuPiXA/FqC7daURJ+faY498r3mwnXrtcfe6Bg5khANQ0iss9Cn1uV6+W9c85noVq0g==}
    engines: {node: '>=14'}
    peerDependencies:
      vite: ^2.0.0
    dependencies:
      '@rollup/pluginutils': 4.1.2
      debug: 4.3.3
      kolorist: 1.5.1
      sirv: 2.0.2
      ufo: 0.7.10
    transitivePeerDependencies:
      - supports-color
    dev: true

  /vite-plugin-restart/0.1.1:
    resolution: {integrity: sha512-kBxOqRrdbjVmC0PiT2KNXZogpgqA2epMkny//VjWnOS2k9NV/vXA7PYgf8/1lmBCZsC+iMj1C1ODuAR/9Sig4A==}
    peerDependencies:
      vite: ^2.0.0
    dependencies:
      micromatch: 4.0.4
    dev: true
